
Microsoft Visual Studio Solution File, Format Version 12.00
# Visual Studio Version 17
VisualStudioVersion = 17.6.33829.357
MinimumVisualStudioVersion = 10.0.40219.1
Project("{FAE04EC0-301F-11D3-BF4B-00C04F79EFBC}") = "WebApplicationDemo", "WebApplicationDemo\WebApplicationDemo.csproj", "{62E01865-7CFF-41CA-816E-5EF8D7428E21}"
EndProject
Global
	GlobalSection(SolutionConfigurationPlatforms) = preSolution
		Debug|Any CPU = Debug|Any CPU
		Release|Any CPU = Release|Any CPU
	EndGlobalSection
	GlobalSection(ProjectConfigurationPlatforms) = postSolution
		{62E01865-7CFF-41CA-816E-5EF8D7428E21}.Debug|Any CPU.ActiveCfg = Debug|Any CPU
		{62E01865-7CFF-41CA-816E-5EF8D7428E21}.Debug|Any CPU.Build.0 = Debug|Any CPU
		{62E01865-7CFF-41CA-816E-5EF8D7428E21}.Release|Any CPU.ActiveCfg = Release|Any CPU
		{62E01865-7CFF-41CA-816E-5EF8D7428E21}.Release|Any CPU.Build.0 = Release|Any CPU
	EndGlobalSection
	GlobalSection(SolutionProperties) = preSolution
		HideSolutionNode = FALSE
	EndGlobalSection
	GlobalSection(ExtensibilityGlobals) = postSolution
		SolutionGuid = {2BA5B24C-D37E-4F5E-A405-E9B86D6A6FDA}
	EndGlobalSection
EndGlobal
